// !$*UTF8*$!
{
	archiveVersion = 1;
	classes = {
	};
	objectVersion = 56;
	objects = {

/* Begin PBXBuildFile section */
		0E2B33E52BA3191E00D7A4C3 /* Secrets.swift in Sources */ = {isa = PBXBuildFile; fileRef = 0E2B33E42BA3191E00D7A4C3 /* Secrets.swift */; };
		0E2B33E72BA4479100D7A4C3 /* Observable.swift in Sources */ = {isa = PBXBuildFile; fileRef = 0E2B33E62BA4478C00D7A4C3 /* Observable.swift */; };
		0E6B99DF2B8B60C7006EB3F8 /* AppDelegate.swift in Sources */ = {isa = PBXBuildFile; fileRef = 0E6B99DE2B8B60C7006EB3F8 /* AppDelegate.swift */; };
		0E6B99E12B8B60C7006EB3F8 /* SceneDelegate.swift in Sources */ = {isa = PBXBuildFile; fileRef = 0E6B99E02B8B60C7006EB3F8 /* SceneDelegate.swift */; };
		0E6B99E32B8B60C7006EB3F8 /* SearchViewController.swift in Sources */ = {isa = PBXBuildFile; fileRef = 0E6B99E22B8B60C7006EB3F8 /* SearchViewController.swift */; };
		0E6B99E82B8B60C8006EB3F8 /* Assets.xcassets in Resources */ = {isa = PBXBuildFile; fileRef = 0E6B99E72B8B60C8006EB3F8 /* Assets.xcassets */; };
		0E6B99EB2B8B60C8006EB3F8 /* LaunchScreen.storyboard in Resources */ = {isa = PBXBuildFile; fileRef = 0E6B99E92B8B60C8006EB3F8 /* LaunchScreen.storyboard */; };
		0E839C3E2BBB061A00575C33 /* GifSearchRequest.swift in Sources */ = {isa = PBXBuildFile; fileRef = 0E839C3D2BBB061A00575C33 /* GifSearchRequest.swift */; };
		0E839C402BBB062200575C33 /* GifSearchResponse.swift in Sources */ = {isa = PBXBuildFile; fileRef = 0E839C3F2BBB062200575C33 /* GifSearchResponse.swift */; };
		0E839C422BBBAA3900575C33 /* HTTPMethod.swift in Sources */ = {isa = PBXBuildFile; fileRef = 0E839C412BBBAA3900575C33 /* HTTPMethod.swift */; };
		0E839C452BBBDC3C00575C33 /* APIRequestable.swift in Sources */ = {isa = PBXBuildFile; fileRef = 0E839C442BBBDC3C00575C33 /* APIRequestable.swift */; };
		0E839C472BBCBDAF00575C33 /* APIProvider.swift in Sources */ = {isa = PBXBuildFile; fileRef = 0E839C462BBCBDAF00575C33 /* APIProvider.swift */; };
		0E839C492BBCBF8900575C33 /* ProviderImplementation.swift in Sources */ = {isa = PBXBuildFile; fileRef = 0E839C482BBCBF8900575C33 /* ProviderImplementation.swift */; };
		0E839C4B2BBD474500575C33 /* GiphyAPIRequest.swift in Sources */ = {isa = PBXBuildFile; fileRef = 0E839C4A2BBD474500575C33 /* GiphyAPIRequest.swift */; };
		0E839C4F2BBD574200575C33 /* GiphyOperation.swift in Sources */ = {isa = PBXBuildFile; fileRef = 0E839C4E2BBD574200575C33 /* GiphyOperation.swift */; };
		0E839C512BBE3A5A00575C33 /* User.swift in Sources */ = {isa = PBXBuildFile; fileRef = 0E839C502BBE3A5A00575C33 /* User.swift */; };
		0E839C532BBE41E400575C33 /* MediaResource.swift in Sources */ = {isa = PBXBuildFile; fileRef = 0E839C522BBE41E400575C33 /* MediaResource.swift */; };
		0E839C552BBE48E400575C33 /* GifTrendingResponse.swift in Sources */ = {isa = PBXBuildFile; fileRef = 0E839C542BBE48E400575C33 /* GifTrendingResponse.swift */; };
		0E839C572BBE572600575C33 /* GifTrendingRequest.swift in Sources */ = {isa = PBXBuildFile; fileRef = 0E839C562BBE572600575C33 /* GifTrendingRequest.swift */; };
		0E839C592BBE591900575C33 /* GiphyService.swift in Sources */ = {isa = PBXBuildFile; fileRef = 0E839C582BBE591900575C33 /* GiphyService.swift */; };
		0E87016E2BB3689200ED00B0 /* NetworkError.swift in Sources */ = {isa = PBXBuildFile; fileRef = 0E87016D2BB3689200ED00B0 /* NetworkError.swift */; };
		0EA540652B9D4E20004C9E2C /* SearchViewModel.swift in Sources */ = {isa = PBXBuildFile; fileRef = 0EA540642B9D4E20004C9E2C /* SearchViewModel.swift */; };
		0EA540682B9DCBBC004C9E2C /* HomeView.swift in Sources */ = {isa = PBXBuildFile; fileRef = 0EA540672B9DCBBC004C9E2C /* HomeView.swift */; };
		0EC600FC2BB9145000E85C34 /* UIImage+Extension.swift in Sources */ = {isa = PBXBuildFile; fileRef = 0EC600FB2BB9145000E85C34 /* UIImage+Extension.swift */; };
		0ED8D89D2BBFDBA9000FC32F /* GifSearchResponseDTO+Extension.swift in Sources */ = {isa = PBXBuildFile; fileRef = 0ED8D89C2BBFDBA9000FC32F /* GifSearchResponseDTO+Extension.swift */; };
		0ED8D89F2BC12B58000FC32F /* GifTrendingResponseDTO+Extension.swift in Sources */ = {isa = PBXBuildFile; fileRef = 0ED8D89E2BC12B58000FC32F /* GifTrendingResponseDTO+Extension.swift */; };
		0EE4A1CA2B9ABD66002ED8BA /* TabBarViewController.swift in Sources */ = {isa = PBXBuildFile; fileRef = 0EE4A1C92B9ABD66002ED8BA /* TabBarViewController.swift */; };
		0EE4A1CF2B9ABEF9002ED8BA /* MyViewController.swift in Sources */ = {isa = PBXBuildFile; fileRef = 0EE4A1CE2B9ABEF9002ED8BA /* MyViewController.swift */; };
		0EE4A1D32B9B101F002ED8BA /* GifType.swift in Sources */ = {isa = PBXBuildFile; fileRef = 0EE4A1D22B9B101F002ED8BA /* GifType.swift */; };
		0EE929302B93125100AEE700 /* GifCell.swift in Sources */ = {isa = PBXBuildFile; fileRef = 0EE9292F2B93125100AEE700 /* GifCell.swift */; };
		0EED821D2B983A24009ABC18 /* Gif.swift in Sources */ = {isa = PBXBuildFile; fileRef = 0EED821C2B983A24009ABC18 /* Gif.swift */; };
/* End PBXBuildFile section */

/* Begin PBXFileReference section */
		0E2B33E32BA2DFAD00D7A4C3 /* Secrets.xcconfig */ = {isa = PBXFileReference; lastKnownFileType = text.xcconfig; path = Secrets.xcconfig; sourceTree = "<group>"; };
		0E2B33E42BA3191E00D7A4C3 /* Secrets.swift */ = {isa = PBXFileReference; lastKnownFileType = sourcecode.swift; path = Secrets.swift; sourceTree = "<group>"; };
		0E2B33E62BA4478C00D7A4C3 /* Observable.swift */ = {isa = PBXFileReference; lastKnownFileType = sourcecode.swift; path = Observable.swift; sourceTree = "<group>"; };
		0E6B99DB2B8B60C7006EB3F8 /* ios-gif-search.app */ = {isa = PBXFileReference; explicitFileType = wrapper.application; includeInIndex = 0; path = "ios-gif-search.app"; sourceTree = BUILT_PRODUCTS_DIR; };
		0E6B99DE2B8B60C7006EB3F8 /* AppDelegate.swift */ = {isa = PBXFileReference; lastKnownFileType = sourcecode.swift; path = AppDelegate.swift; sourceTree = "<group>"; };
		0E6B99E02B8B60C7006EB3F8 /* SceneDelegate.swift */ = {isa = PBXFileReference; lastKnownFileType = sourcecode.swift; path = SceneDelegate.swift; sourceTree = "<group>"; };
		0E6B99E22B8B60C7006EB3F8 /* SearchViewController.swift */ = {isa = PBXFileReference; lastKnownFileType = sourcecode.swift; path = SearchViewController.swift; sourceTree = "<group>"; };
		0E6B99E72B8B60C8006EB3F8 /* Assets.xcassets */ = {isa = PBXFileReference; lastKnownFileType = folder.assetcatalog; path = Assets.xcassets; sourceTree = "<group>"; };
		0E6B99EA2B8B60C8006EB3F8 /* Base */ = {isa = PBXFileReference; lastKnownFileType = file.storyboard; name = Base; path = Base.lproj/LaunchScreen.storyboard; sourceTree = "<group>"; };
		0E6B99EC2B8B60C8006EB3F8 /* Info.plist */ = {isa = PBXFileReference; lastKnownFileType = text.plist.xml; path = Info.plist; sourceTree = "<group>"; };
		0E839C3D2BBB061A00575C33 /* GifSearchRequest.swift */ = {isa = PBXFileReference; lastKnownFileType = sourcecode.swift; path = GifSearchRequest.swift; sourceTree = "<group>"; };
		0E839C3F2BBB062200575C33 /* GifSearchResponse.swift */ = {isa = PBXFileReference; lastKnownFileType = sourcecode.swift; path = GifSearchResponse.swift; sourceTree = "<group>"; };
		0E839C412BBBAA3900575C33 /* HTTPMethod.swift */ = {isa = PBXFileReference; lastKnownFileType = sourcecode.swift; path = HTTPMethod.swift; sourceTree = "<group>"; };
		0E839C442BBBDC3C00575C33 /* APIRequestable.swift */ = {isa = PBXFileReference; lastKnownFileType = sourcecode.swift; path = APIRequestable.swift; sourceTree = "<group>"; };
		0E839C462BBCBDAF00575C33 /* APIProvider.swift */ = {isa = PBXFileReference; lastKnownFileType = sourcecode.swift; path = APIProvider.swift; sourceTree = "<group>"; };
		0E839C482BBCBF8900575C33 /* ProviderImplementation.swift */ = {isa = PBXFileReference; lastKnownFileType = sourcecode.swift; path = ProviderImplementation.swift; sourceTree = "<group>"; };
		0E839C4A2BBD474500575C33 /* GiphyAPIRequest.swift */ = {isa = PBXFileReference; lastKnownFileType = sourcecode.swift; path = GiphyAPIRequest.swift; sourceTree = "<group>"; };
		0E839C4E2BBD574200575C33 /* GiphyOperation.swift */ = {isa = PBXFileReference; lastKnownFileType = sourcecode.swift; path = GiphyOperation.swift; sourceTree = "<group>"; };
		0E839C502BBE3A5A00575C33 /* User.swift */ = {isa = PBXFileReference; lastKnownFileType = sourcecode.swift; path = User.swift; sourceTree = "<group>"; };
		0E839C522BBE41E400575C33 /* MediaResource.swift */ = {isa = PBXFileReference; lastKnownFileType = sourcecode.swift; path = MediaResource.swift; sourceTree = "<group>"; };
		0E839C542BBE48E400575C33 /* GifTrendingResponse.swift */ = {isa = PBXFileReference; lastKnownFileType = sourcecode.swift; path = GifTrendingResponse.swift; sourceTree = "<group>"; };
		0E839C562BBE572600575C33 /* GifTrendingRequest.swift */ = {isa = PBXFileReference; lastKnownFileType = sourcecode.swift; path = GifTrendingRequest.swift; sourceTree = "<group>"; };
		0E839C582BBE591900575C33 /* GiphyService.swift */ = {isa = PBXFileReference; lastKnownFileType = sourcecode.swift; path = GiphyService.swift; sourceTree = "<group>"; };
		0E87016D2BB3689200ED00B0 /* NetworkError.swift */ = {isa = PBXFileReference; lastKnownFileType = sourcecode.swift; path = NetworkError.swift; sourceTree = "<group>"; };
		0EA540642B9D4E20004C9E2C /* SearchViewModel.swift */ = {isa = PBXFileReference; lastKnownFileType = sourcecode.swift; path = SearchViewModel.swift; sourceTree = "<group>"; };
		0EA540672B9DCBBC004C9E2C /* HomeView.swift */ = {isa = PBXFileReference; lastKnownFileType = sourcecode.swift; path = HomeView.swift; sourceTree = "<group>"; };
		0EC600FB2BB9145000E85C34 /* UIImage+Extension.swift */ = {isa = PBXFileReference; lastKnownFileType = sourcecode.swift; path = "UIImage+Extension.swift"; sourceTree = "<group>"; };
		0ED8D89C2BBFDBA9000FC32F /* GifSearchResponseDTO+Extension.swift */ = {isa = PBXFileReference; lastKnownFileType = sourcecode.swift; path = "GifSearchResponseDTO+Extension.swift"; sourceTree = "<group>"; };
		0ED8D89E2BC12B58000FC32F /* GifTrendingResponseDTO+Extension.swift */ = {isa = PBXFileReference; lastKnownFileType = sourcecode.swift; path = "GifTrendingResponseDTO+Extension.swift"; sourceTree = "<group>"; };
		0EE4A1C92B9ABD66002ED8BA /* TabBarViewController.swift */ = {isa = PBXFileReference; lastKnownFileType = sourcecode.swift; path = TabBarViewController.swift; sourceTree = "<group>"; };
		0EE4A1CE2B9ABEF9002ED8BA /* MyViewController.swift */ = {isa = PBXFileReference; lastKnownFileType = sourcecode.swift; path = MyViewController.swift; sourceTree = "<group>"; };
		0EE4A1D22B9B101F002ED8BA /* GifType.swift */ = {isa = PBXFileReference; lastKnownFileType = sourcecode.swift; path = GifType.swift; sourceTree = "<group>"; };
		0EE9292F2B93125100AEE700 /* GifCell.swift */ = {isa = PBXFileReference; lastKnownFileType = sourcecode.swift; path = GifCell.swift; sourceTree = "<group>"; };
		0EED821C2B983A24009ABC18 /* Gif.swift */ = {isa = PBXFileReference; lastKnownFileType = sourcecode.swift; path = Gif.swift; sourceTree = "<group>"; };
/* End PBXFileReference section */

/* Begin PBXFrameworksBuildPhase section */
		0E6B99D82B8B60C7006EB3F8 /* Frameworks */ = {
			isa = PBXFrameworksBuildPhase;
			buildActionMask = 2147483647;
			files = (
			);
			runOnlyForDeploymentPostprocessing = 0;
		};
/* End PBXFrameworksBuildPhase section */

/* Begin PBXGroup section */
		0E6B99D22B8B60C7006EB3F8 = {
			isa = PBXGroup;
			children = (
				0E2B33E32BA2DFAD00D7A4C3 /* Secrets.xcconfig */,
				0E6B99DD2B8B60C7006EB3F8 /* ios-gif-search */,
				0E6B99DC2B8B60C7006EB3F8 /* Products */,
			);
			sourceTree = "<group>";
		};
		0E6B99DC2B8B60C7006EB3F8 /* Products */ = {
			isa = PBXGroup;
			children = (
				0E6B99DB2B8B60C7006EB3F8 /* ios-gif-search.app */,
			);
			name = Products;
			sourceTree = "<group>";
		};
		0E6B99DD2B8B60C7006EB3F8 /* ios-gif-search */ = {
			isa = PBXGroup;
			children = (
				0E6B99DE2B8B60C7006EB3F8 /* AppDelegate.swift */,
				0E6B99E02B8B60C7006EB3F8 /* SceneDelegate.swift */,
				0EE4A1D02B9ABF00002ED8BA /* Model */,
				0EE8906F2BBA7CF6003B86A9 /* Network */,
				0EE8906A2BB9A2DC003B86A9 /* Presentation */,
				0EE4A1D12B9B0FFE002ED8BA /* Enums */,
				0EE4A1CB2B9ABDD1002ED8BA /* Extension */,
				0EA540662B9DC8A6004C9E2C /* Utility */,
				0E6B99E72B8B60C8006EB3F8 /* Assets.xcassets */,
				0E6B99E92B8B60C8006EB3F8 /* LaunchScreen.storyboard */,
				0E6B99EC2B8B60C8006EB3F8 /* Info.plist */,
			);
			path = "ios-gif-search";
			sourceTree = "<group>";
		};
		0E839C3A2BBA961600575C33 /* Giphy */ = {
			isa = PBXGroup;
			children = (
				0E839C4A2BBD474500575C33 /* GiphyAPIRequest.swift */,
				0E839C4E2BBD574200575C33 /* GiphyOperation.swift */,
				0E839C582BBE591900575C33 /* GiphyService.swift */,
				0EE890682BB9A28E003B86A9 /* Trending */,
				0E839C3C2BBB060600575C33 /* Search */,
			);
			path = Giphy;
			sourceTree = "<group>";
		};
		0E839C3B2BBA963100575C33 /* Endpoint */ = {
			isa = PBXGroup;
			children = (
				0E839C462BBCBDAF00575C33 /* APIProvider.swift */,
				0E839C442BBBDC3C00575C33 /* APIRequestable.swift */,
				0E839C412BBBAA3900575C33 /* HTTPMethod.swift */,
				0E87016D2BB3689200ED00B0 /* NetworkError.swift */,
				0E839C482BBCBF8900575C33 /* ProviderImplementation.swift */,
			);
			path = Endpoint;
			sourceTree = "<group>";
		};
		0E839C3C2BBB060600575C33 /* Search */ = {
			isa = PBXGroup;
			children = (
				0E839C3D2BBB061A00575C33 /* GifSearchRequest.swift */,
				0E839C3F2BBB062200575C33 /* GifSearchResponse.swift */,
				0ED8D89C2BBFDBA9000FC32F /* GifSearchResponseDTO+Extension.swift */,
			);
			path = Search;
			sourceTree = "<group>";
		};
		0EA5405E2B9D417A004C9E2C /* ViewModels */ = {
			isa = PBXGroup;
			children = (
				0EA540642B9D4E20004C9E2C /* SearchViewModel.swift */,
			);
			path = ViewModels;
			sourceTree = "<group>";
		};
		0EA540602B9D4197004C9E2C /* Views */ = {
			isa = PBXGroup;
			children = (
				0E6B99E22B8B60C7006EB3F8 /* SearchViewController.swift */,
			);
			path = Views;
			sourceTree = "<group>";
		};
		0EA540662B9DC8A6004C9E2C /* Utility */ = {
			isa = PBXGroup;
			children = (
				0E2B33E62BA4478C00D7A4C3 /* Observable.swift */,
			);
			path = Utility;
			sourceTree = "<group>";
		};
		0ED8D8A52BC199A3000FC32F /* Views */ = {
			isa = PBXGroup;
			children = (
				0EA540672B9DCBBC004C9E2C /* HomeView.swift */,
			);
			path = Views;
			sourceTree = "<group>";
		};
		0EE4A1CB2B9ABDD1002ED8BA /* Extension */ = {
			isa = PBXGroup;
			children = (
				0EC600FB2BB9145000E85C34 /* UIImage+Extension.swift */,
			);
			path = Extension;
			sourceTree = "<group>";
		};
		0EE4A1CD2B9ABDE1002ED8BA /* Search */ = {
			isa = PBXGroup;
			children = (
				0EA5405E2B9D417A004C9E2C /* ViewModels */,
				0EA540602B9D4197004C9E2C /* Views */,
			);
			path = Search;
			sourceTree = "<group>";
		};
		0EE4A1D02B9ABF00002ED8BA /* Model */ = {
			isa = PBXGroup;
			children = (
				0EED821C2B983A24009ABC18 /* Gif.swift */,
				0EE4A1D22B9B101F002ED8BA /* GifType.swift */,
				0E839C502BBE3A5A00575C33 /* User.swift */,
				0E839C522BBE41E400575C33 /* MediaResource.swift */,
			);
			path = Model;
			sourceTree = "<group>";
		};
		0EE4A1D12B9B0FFE002ED8BA /* Enums */ = {
			isa = PBXGroup;
			children = (
				0E2B33E42BA3191E00D7A4C3 /* Secrets.swift */,
			);
			path = Enums;
			sourceTree = "<group>";
		};
		0EE890682BB9A28E003B86A9 /* Trending */ = {
			isa = PBXGroup;
			children = (
				0E839C562BBE572600575C33 /* GifTrendingRequest.swift */,
				0E839C542BBE48E400575C33 /* GifTrendingResponse.swift */,
				0ED8D89E2BC12B58000FC32F /* GifTrendingResponseDTO+Extension.swift */,
			);
			path = Trending;
			sourceTree = "<group>";
		};
		0EE8906A2BB9A2DC003B86A9 /* Presentation */ = {
			isa = PBXGroup;
			children = (
				0EF00C2C2BB2F1F9005A6FB9 /* Protocols */,
				0EE8906B2BB9A303003B86A9 /* Common */,
				0EE8906C2BB9A318003B86A9 /* Tap */,
				0EE8906D2BB9A325003B86A9 /* My */,
				0EE4A1CD2B9ABDE1002ED8BA /* Search */,
				0EE8906E2BB9A3C0003B86A9 /* Detail */,
			);
			path = Presentation;
			sourceTree = "<group>";
		};
		0EE8906B2BB9A303003B86A9 /* Common */ = {
			isa = PBXGroup;
			children = (
				0ED8D8A52BC199A3000FC32F /* Views */,
				0EE9292F2B93125100AEE700 /* GifCell.swift */,
			);
			path = Common;
			sourceTree = "<group>";
		};
		0EE8906C2BB9A318003B86A9 /* Tap */ = {
			isa = PBXGroup;
			children = (
				0EE4A1C92B9ABD66002ED8BA /* TabBarViewController.swift */,
			);
			path = Tap;
			sourceTree = "<group>";
		};
		0EE8906D2BB9A325003B86A9 /* My */ = {
			isa = PBXGroup;
			children = (
				0EE4A1CE2B9ABEF9002ED8BA /* MyViewController.swift */,
			);
			path = My;
			sourceTree = "<group>";
		};
		0EE8906E2BB9A3C0003B86A9 /* Detail */ = {
			isa = PBXGroup;
			children = (
			);
			path = Detail;
			sourceTree = "<group>";
		};
		0EE8906F2BBA7CF6003B86A9 /* Network */ = {
			isa = PBXGroup;
			children = (
				0E839C3B2BBA963100575C33 /* Endpoint */,
				0E839C3A2BBA961600575C33 /* Giphy */,
			);
			path = Network;
			sourceTree = "<group>";
		};
		0EF00C2C2BB2F1F9005A6FB9 /* Protocols */ = {
			isa = PBXGroup;
			children = (
			);
			path = Protocols;
			sourceTree = "<group>";
		};
/* End PBXGroup section */

/* Begin PBXNativeTarget section */
		0E6B99DA2B8B60C7006EB3F8 /* ios-gif-search */ = {
			isa = PBXNativeTarget;
			buildConfigurationList = 0E6B99EF2B8B60C8006EB3F8 /* Build configuration list for PBXNativeTarget "ios-gif-search" */;
			buildPhases = (
				0E6B99D72B8B60C7006EB3F8 /* Sources */,
				0E6B99D82B8B60C7006EB3F8 /* Frameworks */,
				0E6B99D92B8B60C7006EB3F8 /* Resources */,
			);
			buildRules = (
			);
			dependencies = (
			);
			name = "ios-gif-search";
			productName = "ios-gif-search";
			productReference = 0E6B99DB2B8B60C7006EB3F8 /* ios-gif-search.app */;
			productType = "com.apple.product-type.application";
		};
/* End PBXNativeTarget section */

/* Begin PBXProject section */
		0E6B99D32B8B60C7006EB3F8 /* Project object */ = {
			isa = PBXProject;
			attributes = {
				BuildIndependentTargetsInParallel = 1;
				LastSwiftUpdateCheck = 1500;
				LastUpgradeCheck = 1500;
				TargetAttributes = {
					0E6B99DA2B8B60C7006EB3F8 = {
						CreatedOnToolsVersion = 15.0.1;
					};
				};
			};
			buildConfigurationList = 0E6B99D62B8B60C7006EB3F8 /* Build configuration list for PBXProject "ios-gif-search" */;
			compatibilityVersion = "Xcode 14.0";
			developmentRegion = en;
			hasScannedForEncodings = 0;
			knownRegions = (
				en,
				Base,
			);
			mainGroup = 0E6B99D22B8B60C7006EB3F8;
			productRefGroup = 0E6B99DC2B8B60C7006EB3F8 /* Products */;
			projectDirPath = "";
			projectRoot = "";
			targets = (
				0E6B99DA2B8B60C7006EB3F8 /* ios-gif-search */,
			);
		};
/* End PBXProject section */

/* Begin PBXResourcesBuildPhase section */
		0E6B99D92B8B60C7006EB3F8 /* Resources */ = {
			isa = PBXResourcesBuildPhase;
			buildActionMask = 2147483647;
			files = (
				0E6B99EB2B8B60C8006EB3F8 /* LaunchScreen.storyboard in Resources */,
				0E6B99E82B8B60C8006EB3F8 /* Assets.xcassets in Resources */,
			);
			runOnlyForDeploymentPostprocessing = 0;
		};
/* End PBXResourcesBuildPhase section */

/* Begin PBXSourcesBuildPhase section */
		0E6B99D72B8B60C7006EB3F8 /* Sources */ = {
			isa = PBXSourcesBuildPhase;
			buildActionMask = 2147483647;
			files = (
				0E839C422BBBAA3900575C33 /* HTTPMethod.swift in Sources */,
				0E839C3E2BBB061A00575C33 /* GifSearchRequest.swift in Sources */,
				0E839C472BBCBDAF00575C33 /* APIProvider.swift in Sources */,
				0E87016E2BB3689200ED00B0 /* NetworkError.swift in Sources */,
				0ED8D89D2BBFDBA9000FC32F /* GifSearchResponseDTO+Extension.swift in Sources */,
				0EE4A1CA2B9ABD66002ED8BA /* TabBarViewController.swift in Sources */,
				0ED8D89F2BC12B58000FC32F /* GifTrendingResponseDTO+Extension.swift in Sources */,
				0EE4A1D32B9B101F002ED8BA /* GifType.swift in Sources */,
				0E6B99E32B8B60C7006EB3F8 /* SearchViewController.swift in Sources */,
				0E839C4F2BBD574200575C33 /* GiphyOperation.swift in Sources */,
				0EA540652B9D4E20004C9E2C /* SearchViewModel.swift in Sources */,
				0EE929302B93125100AEE700 /* GifCell.swift in Sources */,
				0E839C402BBB062200575C33 /* GifSearchResponse.swift in Sources */,
				0E839C4B2BBD474500575C33 /* GiphyAPIRequest.swift in Sources */,
				0EE4A1CF2B9ABEF9002ED8BA /* MyViewController.swift in Sources */,
				0E6B99DF2B8B60C7006EB3F8 /* AppDelegate.swift in Sources */,
				0E6B99E12B8B60C7006EB3F8 /* SceneDelegate.swift in Sources */,
				0E839C492BBCBF8900575C33 /* ProviderImplementation.swift in Sources */,
				0E839C572BBE572600575C33 /* GifTrendingRequest.swift in Sources */,
				0EA540682B9DCBBC004C9E2C /* HomeView.swift in Sources */,
				0E839C532BBE41E400575C33 /* MediaResource.swift in Sources */,
				0E2B33E72BA4479100D7A4C3 /* Observable.swift in Sources */,
				0EED821D2B983A24009ABC18 /* Gif.swift in Sources */,
				0EC600FC2BB9145000E85C34 /* UIImage+Extension.swift in Sources */,
				0E839C512BBE3A5A00575C33 /* User.swift in Sources */,
				0E2B33E52BA3191E00D7A4C3 /* Secrets.swift in Sources */,
				0E839C452BBBDC3C00575C33 /* APIRequestable.swift in Sources */,
				0E839C592BBE591900575C33 /* GiphyService.swift in Sources */,
				0E839C552BBE48E400575C33 /* GifTrendingResponse.swift in Sources */,
			);
			runOnlyForDeploymentPostprocessing = 0;
		};
/* End PBXSourcesBuildPhase section */

/* Begin PBXVariantGroup section */
		0E6B99E92B8B60C8006EB3F8 /* LaunchScreen.storyboard */ = {
			isa = PBXVariantGroup;
			children = (
				0E6B99EA2B8B60C8006EB3F8 /* Base */,
			);
			name = LaunchScreen.storyboard;
			sourceTree = "<group>";
		};
/* End PBXVariantGroup section */

/* Begin XCBuildConfiguration section */
		0E6B99ED2B8B60C8006EB3F8 /* Debug */ = {
			isa = XCBuildConfiguration;
			buildSettings = {
				ALWAYS_SEARCH_USER_PATHS = NO;
				ASSETCATALOG_COMPILER_GENERATE_SWIFT_ASSET_SYMBOL_EXTENSIONS = YES;
				CLANG_ANALYZER_NONNULL = YES;
				CLANG_ANALYZER_NUMBER_OBJECT_CONVERSION = YES_AGGRESSIVE;
				CLANG_CXX_LANGUAGE_STANDARD = "gnu++20";
				CLANG_ENABLE_MODULES = YES;
				CLANG_ENABLE_OBJC_ARC = YES;
				CLANG_ENABLE_OBJC_WEAK = YES;
				CLANG_WARN_BLOCK_CAPTURE_AUTORELEASING = YES;
				CLANG_WARN_BOOL_CONVERSION = YES;
				CLANG_WARN_COMMA = YES;
				CLANG_WARN_CONSTANT_CONVERSION = YES;
				CLANG_WARN_DEPRECATED_OBJC_IMPLEMENTATIONS = YES;
				CLANG_WARN_DIRECT_OBJC_ISA_USAGE = YES_ERROR;
				CLANG_WARN_DOCUMENTATION_COMMENTS = YES;
				CLANG_WARN_EMPTY_BODY = YES;
				CLANG_WARN_ENUM_CONVERSION = YES;
				CLANG_WARN_INFINITE_RECURSION = YES;
				CLANG_WARN_INT_CONVERSION = YES;
				CLANG_WARN_NON_LITERAL_NULL_CONVERSION = YES;
				CLANG_WARN_OBJC_IMPLICIT_RETAIN_SELF = YES;
				CLANG_WARN_OBJC_LITERAL_CONVERSION = YES;
				CLANG_WARN_OBJC_ROOT_CLASS = YES_ERROR;
				CLANG_WARN_QUOTED_INCLUDE_IN_FRAMEWORK_HEADER = YES;
				CLANG_WARN_RANGE_LOOP_ANALYSIS = YES;
				CLANG_WARN_STRICT_PROTOTYPES = YES;
				CLANG_WARN_SUSPICIOUS_MOVE = YES;
				CLANG_WARN_UNGUARDED_AVAILABILITY = YES_AGGRESSIVE;
				CLANG_WARN_UNREACHABLE_CODE = YES;
				CLANG_WARN__DUPLICATE_METHOD_MATCH = YES;
				COPY_PHASE_STRIP = NO;
				DEBUG_INFORMATION_FORMAT = dwarf;
				ENABLE_STRICT_OBJC_MSGSEND = YES;
				ENABLE_TESTABILITY = YES;
				ENABLE_USER_SCRIPT_SANDBOXING = YES;
				GCC_C_LANGUAGE_STANDARD = gnu17;
				GCC_DYNAMIC_NO_PIC = NO;
				GCC_NO_COMMON_BLOCKS = YES;
				GCC_OPTIMIZATION_LEVEL = 0;
				GCC_PREPROCESSOR_DEFINITIONS = (
					"DEBUG=1",
					"$(inherited)",
				);
				GCC_WARN_64_TO_32_BIT_CONVERSION = YES;
				GCC_WARN_ABOUT_RETURN_TYPE = YES_ERROR;
				GCC_WARN_UNDECLARED_SELECTOR = YES;
				GCC_WARN_UNINITIALIZED_AUTOS = YES_AGGRESSIVE;
				GCC_WARN_UNUSED_FUNCTION = YES;
				GCC_WARN_UNUSED_VARIABLE = YES;
				IPHONEOS_DEPLOYMENT_TARGET = 17.0;
				LOCALIZATION_PREFERS_STRING_CATALOGS = YES;
				MTL_ENABLE_DEBUG_INFO = INCLUDE_SOURCE;
				MTL_FAST_MATH = YES;
				ONLY_ACTIVE_ARCH = YES;
				SDKROOT = iphoneos;
				SWIFT_ACTIVE_COMPILATION_CONDITIONS = "DEBUG $(inherited)";
				SWIFT_OPTIMIZATION_LEVEL = "-Onone";
			};
			name = Debug;
		};
		0E6B99EE2B8B60C8006EB3F8 /* Release */ = {
			isa = XCBuildConfiguration;
			buildSettings = {
				ALWAYS_SEARCH_USER_PATHS = NO;
				ASSETCATALOG_COMPILER_GENERATE_SWIFT_ASSET_SYMBOL_EXTENSIONS = YES;
				CLANG_ANALYZER_NONNULL = YES;
				CLANG_ANALYZER_NUMBER_OBJECT_CONVERSION = YES_AGGRESSIVE;
				CLANG_CXX_LANGUAGE_STANDARD = "gnu++20";
				CLANG_ENABLE_MODULES = YES;
				CLANG_ENABLE_OBJC_ARC = YES;
				CLANG_ENABLE_OBJC_WEAK = YES;
				CLANG_WARN_BLOCK_CAPTURE_AUTORELEASING = YES;
				CLANG_WARN_BOOL_CONVERSION = YES;
				CLANG_WARN_COMMA = YES;
				CLANG_WARN_CONSTANT_CONVERSION = YES;
				CLANG_WARN_DEPRECATED_OBJC_IMPLEMENTATIONS = YES;
				CLANG_WARN_DIRECT_OBJC_ISA_USAGE = YES_ERROR;
				CLANG_WARN_DOCUMENTATION_COMMENTS = YES;
				CLANG_WARN_EMPTY_BODY = YES;
				CLANG_WARN_ENUM_CONVERSION = YES;
				CLANG_WARN_INFINITE_RECURSION = YES;
				CLANG_WARN_INT_CONVERSION = YES;
				CLANG_WARN_NON_LITERAL_NULL_CONVERSION = YES;
				CLANG_WARN_OBJC_IMPLICIT_RETAIN_SELF = YES;
				CLANG_WARN_OBJC_LITERAL_CONVERSION = YES;
				CLANG_WARN_OBJC_ROOT_CLASS = YES_ERROR;
				CLANG_WARN_QUOTED_INCLUDE_IN_FRAMEWORK_HEADER = YES;
				CLANG_WARN_RANGE_LOOP_ANALYSIS = YES;
				CLANG_WARN_STRICT_PROTOTYPES = YES;
				CLANG_WARN_SUSPICIOUS_MOVE = YES;
				CLANG_WARN_UNGUARDED_AVAILABILITY = YES_AGGRESSIVE;
				CLANG_WARN_UNREACHABLE_CODE = YES;
				CLANG_WARN__DUPLICATE_METHOD_MATCH = YES;
				COPY_PHASE_STRIP = NO;
				DEBUG_INFORMATION_FORMAT = "dwarf-with-dsym";
				ENABLE_NS_ASSERTIONS = NO;
				ENABLE_STRICT_OBJC_MSGSEND = YES;
				ENABLE_USER_SCRIPT_SANDBOXING = YES;
				GCC_C_LANGUAGE_STANDARD = gnu17;
				GCC_NO_COMMON_BLOCKS = YES;
				GCC_WARN_64_TO_32_BIT_CONVERSION = YES;
				GCC_WARN_ABOUT_RETURN_TYPE = YES_ERROR;
				GCC_WARN_UNDECLARED_SELECTOR = YES;
				GCC_WARN_UNINITIALIZED_AUTOS = YES_AGGRESSIVE;
				GCC_WARN_UNUSED_FUNCTION = YES;
				GCC_WARN_UNUSED_VARIABLE = YES;
				IPHONEOS_DEPLOYMENT_TARGET = 17.0;
				LOCALIZATION_PREFERS_STRING_CATALOGS = YES;
				MTL_ENABLE_DEBUG_INFO = NO;
				MTL_FAST_MATH = YES;
				SDKROOT = iphoneos;
				SWIFT_COMPILATION_MODE = wholemodule;
				VALIDATE_PRODUCT = YES;
			};
			name = Release;
		};
		0E6B99F02B8B60C8006EB3F8 /* Debug */ = {
			isa = XCBuildConfiguration;
			baseConfigurationReference = 0E2B33E32BA2DFAD00D7A4C3 /* Secrets.xcconfig */;
			buildSettings = {
				ASSETCATALOG_COMPILER_APPICON_NAME = AppIcon;
				ASSETCATALOG_COMPILER_GLOBAL_ACCENT_COLOR_NAME = AccentColor;
				CODE_SIGN_STYLE = Automatic;
				CURRENT_PROJECT_VERSION = 1;
				DEVELOPMENT_TEAM = HQ945SN938;
				GENERATE_INFOPLIST_FILE = YES;
				INFOPLIST_FILE = "ios-gif-search/Info.plist";
				INFOPLIST_KEY_UIApplicationSupportsIndirectInputEvents = YES;
				INFOPLIST_KEY_UILaunchStoryboardName = LaunchScreen;
				INFOPLIST_KEY_UIMainStoryboardFile = "";
				INFOPLIST_KEY_UISupportedInterfaceOrientations_iPad = "UIInterfaceOrientationPortrait UIInterfaceOrientationPortraitUpsideDown UIInterfaceOrientationLandscapeLeft UIInterfaceOrientationLandscapeRight";
				INFOPLIST_KEY_UISupportedInterfaceOrientations_iPhone = "UIInterfaceOrientationPortrait UIInterfaceOrientationLandscapeLeft UIInterfaceOrientationLandscapeRight";
				LD_RUNPATH_SEARCH_PATHS = (
					"$(inherited)",
					"@executable_path/Frameworks",
				);
				MARKETING_VERSION = 1.0;
				PRODUCT_BUNDLE_IDENTIFIER = "com.Mango.ios-gif-search";
				PRODUCT_NAME = "$(TARGET_NAME)";
				SWIFT_EMIT_LOC_STRINGS = YES;
				SWIFT_VERSION = 5.0;
				TARGETED_DEVICE_FAMILY = "1,2";
			};
			name = Debug;
		};
		0E6B99F12B8B60C8006EB3F8 /* Release */ = {
			isa = XCBuildConfiguration;
			baseConfigurationReference = 0E2B33E32BA2DFAD00D7A4C3 /* Secrets.xcconfig */;
			buildSettings = {
				ASSETCATALOG_COMPILER_APPICON_NAME = AppIcon;
				ASSETCATALOG_COMPILER_GLOBAL_ACCENT_COLOR_NAME = AccentColor;
				CODE_SIGN_STYLE = Automatic;
				CURRENT_PROJECT_VERSION = 1;
				DEVELOPMENT_TEAM = HQ945SN938;
				GENERATE_INFOPLIST_FILE = YES;
				INFOPLIST_FILE = "ios-gif-search/Info.plist";
				INFOPLIST_KEY_UIApplicationSupportsIndirectInputEvents = YES;
				INFOPLIST_KEY_UILaunchStoryboardName = LaunchScreen;
				INFOPLIST_KEY_UIMainStoryboardFile = "";
				INFOPLIST_KEY_UISupportedInterfaceOrientations_iPad = "UIInterfaceOrientationPortrait UIInterfaceOrientationPortraitUpsideDown UIInterfaceOrientationLandscapeLeft UIInterfaceOrientationLandscapeRight";
				INFOPLIST_KEY_UISupportedInterfaceOrientations_iPhone = "UIInterfaceOrientationPortrait UIInterfaceOrientationLandscapeLeft UIInterfaceOrientationLandscapeRight";
				LD_RUNPATH_SEARCH_PATHS = (
					"$(inherited)",
					"@executable_path/Frameworks",
				);
				MARKETING_VERSION = 1.0;
				PRODUCT_BUNDLE_IDENTIFIER = "com.Mango.ios-gif-search";
				PRODUCT_NAME = "$(TARGET_NAME)";
				SWIFT_EMIT_LOC_STRINGS = YES;
				SWIFT_VERSION = 5.0;
				TARGETED_DEVICE_FAMILY = "1,2";
			};
			name = Release;
		};
/* End XCBuildConfiguration section */

/* Begin XCConfigurationList section */
		0E6B99D62B8B60C7006EB3F8 /* Build configuration list for PBXProject "ios-gif-search" */ = {
			isa = XCConfigurationList;
			buildConfigurations = (
				0E6B99ED2B8B60C8006EB3F8 /* Debug */,
				0E6B99EE2B8B60C8006EB3F8 /* Release */,
			);
			defaultConfigurationIsVisible = 0;
			defaultConfigurationName = Release;
		};
		0E6B99EF2B8B60C8006EB3F8 /* Build configuration list for PBXNativeTarget "ios-gif-search" */ = {
			isa = XCConfigurationList;
			buildConfigurations = (
				0E6B99F02B8B60C8006EB3F8 /* Debug */,
				0E6B99F12B8B60C8006EB3F8 /* Release */,
			);
			defaultConfigurationIsVisible = 0;
			defaultConfigurationName = Release;
		};
/* End XCConfigurationList section */
	};
	rootObject = 0E6B99D32B8B60C7006EB3F8 /* Project object */;
}
